
Microsoft Visual Studio Solution File, Format Version 12.00
# Visual Studio Version 16
VisualStudioVersion = 16.0.29503.13
MinimumVisualStudioVersion = 10.0.40219.1
Project("{FAE04EC0-301F-11D3-BF4B-00C04F79EFBC}") = "2018_2", "2018_2.csproj", "{AC79D50F-0214-49BC-B63B-70A160504052}"
EndProject
Global
	GlobalSection(SolutionConfigurationPlatforms) = preSolution
		Debug|Any CPU = Debug|Any CPU
		Release|Any CPU = Release|Any CPU
	EndGlobalSection
	GlobalSection(ProjectConfigurationPlatforms) = postSolution
		{AC79D50F-0214-49BC-B63B-70A160504052}.Debug|Any CPU.ActiveCfg = Debug|Any CPU
		{AC79D50F-0214-49BC-B63B-70A160504052}.Debug|Any CPU.Build.0 = Debug|Any CPU
		{AC79D50F-0214-49BC-B63B-70A160504052}.Release|Any CPU.ActiveCfg = Release|Any CPU
		{AC79D50F-0214-49BC-B63B-70A160504052}.Release|Any CPU.Build.0 = Release|Any CPU
	EndGlobalSection
	GlobalSection(SolutionProperties) = preSolution
		HideSolutionNode = FALSE
	EndGlobalSection
	GlobalSection(ExtensibilityGlobals) = postSolution
		SolutionGuid = {4627F9AF-2A11-4CC0-A781-3576A7462D4F}
	EndGlobalSection
EndGlobal
