
Microsoft Visual Studio Solution File, Format Version 12.00
# Visual Studio Version 16
VisualStudioVersion = 16.0.29503.13
MinimumVisualStudioVersion = 10.0.40219.1
Project("{FAE04EC0-301F-11D3-BF4B-00C04F79EFBC}") = "2015_1", "2015_1.csproj", "{B58D0A76-2D4D-4F20-88F5-4128AADA8EEB}"
EndProject
Global
	GlobalSection(SolutionConfigurationPlatforms) = preSolution
		Debug|Any CPU = Debug|Any CPU
		Release|Any CPU = Release|Any CPU
	EndGlobalSection
	GlobalSection(ProjectConfigurationPlatforms) = postSolution
		{B58D0A76-2D4D-4F20-88F5-4128AADA8EEB}.Debug|Any CPU.ActiveCfg = Debug|Any CPU
		{B58D0A76-2D4D-4F20-88F5-4128AADA8EEB}.Debug|Any CPU.Build.0 = Debug|Any CPU
		{B58D0A76-2D4D-4F20-88F5-4128AADA8EEB}.Release|Any CPU.ActiveCfg = Release|Any CPU
		{B58D0A76-2D4D-4F20-88F5-4128AADA8EEB}.Release|Any CPU.Build.0 = Release|Any CPU
	EndGlobalSection
	GlobalSection(SolutionProperties) = preSolution
		HideSolutionNode = FALSE
	EndGlobalSection
	GlobalSection(ExtensibilityGlobals) = postSolution
		SolutionGuid = {51E2A517-8BA0-49D6-BBA2-338EECFCDF5A}
	EndGlobalSection
EndGlobal
