
Microsoft Visual Studio Solution File, Format Version 12.00
# Visual Studio Version 17
VisualStudioVersion = 17.0.31919.166
MinimumVisualStudioVersion = 10.0.40219.1
Project("{FAE04EC0-301F-11D3-BF4B-00C04F79EFBC}") = "AdventOfCode2021", "AdventOfCode2021.csproj", "{04B75105-5E77-4770-A6C2-C89DF5C22A3D}"
EndProject
Global
	GlobalSection(SolutionConfigurationPlatforms) = preSolution
		Debug|Any CPU = Debug|Any CPU
		Release|Any CPU = Release|Any CPU
	EndGlobalSection
	GlobalSection(ProjectConfigurationPlatforms) = postSolution
		{04B75105-5E77-4770-A6C2-C89DF5C22A3D}.Debug|Any CPU.ActiveCfg = Debug|Any CPU
		{04B75105-5E77-4770-A6C2-C89DF5C22A3D}.Debug|Any CPU.Build.0 = Debug|Any CPU
		{04B75105-5E77-4770-A6C2-C89DF5C22A3D}.Release|Any CPU.ActiveCfg = Release|Any CPU
		{04B75105-5E77-4770-A6C2-C89DF5C22A3D}.Release|Any CPU.Build.0 = Release|Any CPU
	EndGlobalSection
	GlobalSection(SolutionProperties) = preSolution
		HideSolutionNode = FALSE
	EndGlobalSection
	GlobalSection(ExtensibilityGlobals) = postSolution
		SolutionGuid = {CCE6398C-A0BC-41A7-9918-7BAA6D7A3818}
	EndGlobalSection
EndGlobal
