
Microsoft Visual Studio Solution File, Format Version 12.00
# Visual Studio Version 16
VisualStudioVersion = 16.0.29503.13
MinimumVisualStudioVersion = 10.0.40219.1
Project("{FAE04EC0-301F-11D3-BF4B-00C04F79EFBC}") = "2015_6", "2015_6.csproj", "{C253746D-82E5-4357-B420-BD6F92D43CD7}"
EndProject
Global
	GlobalSection(SolutionConfigurationPlatforms) = preSolution
		Debug|Any CPU = Debug|Any CPU
		Release|Any CPU = Release|Any CPU
	EndGlobalSection
	GlobalSection(ProjectConfigurationPlatforms) = postSolution
		{C253746D-82E5-4357-B420-BD6F92D43CD7}.Debug|Any CPU.ActiveCfg = Debug|Any CPU
		{C253746D-82E5-4357-B420-BD6F92D43CD7}.Debug|Any CPU.Build.0 = Debug|Any CPU
		{C253746D-82E5-4357-B420-BD6F92D43CD7}.Release|Any CPU.ActiveCfg = Release|Any CPU
		{C253746D-82E5-4357-B420-BD6F92D43CD7}.Release|Any CPU.Build.0 = Release|Any CPU
	EndGlobalSection
	GlobalSection(SolutionProperties) = preSolution
		HideSolutionNode = FALSE
	EndGlobalSection
	GlobalSection(ExtensibilityGlobals) = postSolution
		SolutionGuid = {BAFF729A-460D-4C29-93EF-06A60C6BD330}
	EndGlobalSection
EndGlobal
