
Microsoft Visual Studio Solution File, Format Version 12.00
# Visual Studio Version 16
VisualStudioVersion = 16.0.29503.13
MinimumVisualStudioVersion = 10.0.40219.1
Project("{FAE04EC0-301F-11D3-BF4B-00C04F79EFBC}") = "2019_3", "2019_3.csproj", "{1CFA4331-A6A7-4640-960D-A078BCA21C17}"
EndProject
Global
	GlobalSection(SolutionConfigurationPlatforms) = preSolution
		Debug|Any CPU = Debug|Any CPU
		Release|Any CPU = Release|Any CPU
	EndGlobalSection
	GlobalSection(ProjectConfigurationPlatforms) = postSolution
		{1CFA4331-A6A7-4640-960D-A078BCA21C17}.Debug|Any CPU.ActiveCfg = Debug|Any CPU
		{1CFA4331-A6A7-4640-960D-A078BCA21C17}.Debug|Any CPU.Build.0 = Debug|Any CPU
		{1CFA4331-A6A7-4640-960D-A078BCA21C17}.Release|Any CPU.ActiveCfg = Release|Any CPU
		{1CFA4331-A6A7-4640-960D-A078BCA21C17}.Release|Any CPU.Build.0 = Release|Any CPU
	EndGlobalSection
	GlobalSection(SolutionProperties) = preSolution
		HideSolutionNode = FALSE
	EndGlobalSection
	GlobalSection(ExtensibilityGlobals) = postSolution
		SolutionGuid = {B11AF3D5-BB82-4EB7-855C-33B87E2E6F9F}
	EndGlobalSection
EndGlobal
