
Microsoft Visual Studio Solution File, Format Version 12.00
# Visual Studio 15
VisualStudioVersion = 15.0.27004.2009
MinimumVisualStudioVersion = 10.0.40219.1
Project("{FAE04EC0-301F-11D3-BF4B-00C04F79EFBC}") = "3.1", "3.1\3.1.csproj", "{7049ECE3-083E-4152-9A37-CDE00A4AE337}"
EndProject
Global
	GlobalSection(SolutionConfigurationPlatforms) = preSolution
		Debug|Any CPU = Debug|Any CPU
		Release|Any CPU = Release|Any CPU
	EndGlobalSection
	GlobalSection(ProjectConfigurationPlatforms) = postSolution
		{7049ECE3-083E-4152-9A37-CDE00A4AE337}.Debug|Any CPU.ActiveCfg = Debug|Any CPU
		{7049ECE3-083E-4152-9A37-CDE00A4AE337}.Debug|Any CPU.Build.0 = Debug|Any CPU
		{7049ECE3-083E-4152-9A37-CDE00A4AE337}.Release|Any CPU.ActiveCfg = Release|Any CPU
		{7049ECE3-083E-4152-9A37-CDE00A4AE337}.Release|Any CPU.Build.0 = Release|Any CPU
	EndGlobalSection
	GlobalSection(SolutionProperties) = preSolution
		HideSolutionNode = FALSE
	EndGlobalSection
	GlobalSection(ExtensibilityGlobals) = postSolution
		SolutionGuid = {CB167B5A-E672-49C2-8464-DCD7C512795F}
	EndGlobalSection
EndGlobal
