
Microsoft Visual Studio Solution File, Format Version 12.00
# Visual Studio Version 16
VisualStudioVersion = 16.0.29503.13
MinimumVisualStudioVersion = 10.0.40219.1
Project("{FAE04EC0-301F-11D3-BF4B-00C04F79EFBC}") = "2018_1", "2018_1.csproj", "{B293CDEC-3AC1-4EAD-B774-63225257478D}"
EndProject
Global
	GlobalSection(SolutionConfigurationPlatforms) = preSolution
		Debug|Any CPU = Debug|Any CPU
		Release|Any CPU = Release|Any CPU
	EndGlobalSection
	GlobalSection(ProjectConfigurationPlatforms) = postSolution
		{B293CDEC-3AC1-4EAD-B774-63225257478D}.Debug|Any CPU.ActiveCfg = Debug|Any CPU
		{B293CDEC-3AC1-4EAD-B774-63225257478D}.Debug|Any CPU.Build.0 = Debug|Any CPU
		{B293CDEC-3AC1-4EAD-B774-63225257478D}.Release|Any CPU.ActiveCfg = Release|Any CPU
		{B293CDEC-3AC1-4EAD-B774-63225257478D}.Release|Any CPU.Build.0 = Release|Any CPU
	EndGlobalSection
	GlobalSection(SolutionProperties) = preSolution
		HideSolutionNode = FALSE
	EndGlobalSection
	GlobalSection(ExtensibilityGlobals) = postSolution
		SolutionGuid = {0421031D-8B36-4859-A136-7C13080E3C2C}
	EndGlobalSection
EndGlobal
