
Microsoft Visual Studio Solution File, Format Version 12.00
# Visual Studio Version 16
VisualStudioVersion = 16.0.29503.13
MinimumVisualStudioVersion = 10.0.40219.1
Project("{FAE04EC0-301F-11D3-BF4B-00C04F79EFBC}") = "2019_6", "2019_6.csproj", "{CBF46874-5429-4EA4-98DB-ED410A303B39}"
EndProject
Global
	GlobalSection(SolutionConfigurationPlatforms) = preSolution
		Debug|Any CPU = Debug|Any CPU
		Release|Any CPU = Release|Any CPU
	EndGlobalSection
	GlobalSection(ProjectConfigurationPlatforms) = postSolution
		{CBF46874-5429-4EA4-98DB-ED410A303B39}.Debug|Any CPU.ActiveCfg = Debug|Any CPU
		{CBF46874-5429-4EA4-98DB-ED410A303B39}.Debug|Any CPU.Build.0 = Debug|Any CPU
		{CBF46874-5429-4EA4-98DB-ED410A303B39}.Release|Any CPU.ActiveCfg = Release|Any CPU
		{CBF46874-5429-4EA4-98DB-ED410A303B39}.Release|Any CPU.Build.0 = Release|Any CPU
	EndGlobalSection
	GlobalSection(SolutionProperties) = preSolution
		HideSolutionNode = FALSE
	EndGlobalSection
	GlobalSection(ExtensibilityGlobals) = postSolution
		SolutionGuid = {162C8CEB-61B5-4B98-9C2A-57CFA6A18B17}
	EndGlobalSection
EndGlobal
