
Microsoft Visual Studio Solution File, Format Version 12.00
# Visual Studio Version 16
VisualStudioVersion = 16.0.29503.13
MinimumVisualStudioVersion = 10.0.40219.1
Project("{FAE04EC0-301F-11D3-BF4B-00C04F79EFBC}") = "2015_5", "2015_5.csproj", "{B8A00936-0DA3-4E15-88FE-D124B5F0394A}"
EndProject
Global
	GlobalSection(SolutionConfigurationPlatforms) = preSolution
		Debug|Any CPU = Debug|Any CPU
		Release|Any CPU = Release|Any CPU
	EndGlobalSection
	GlobalSection(ProjectConfigurationPlatforms) = postSolution
		{B8A00936-0DA3-4E15-88FE-D124B5F0394A}.Debug|Any CPU.ActiveCfg = Debug|Any CPU
		{B8A00936-0DA3-4E15-88FE-D124B5F0394A}.Debug|Any CPU.Build.0 = Debug|Any CPU
		{B8A00936-0DA3-4E15-88FE-D124B5F0394A}.Release|Any CPU.ActiveCfg = Release|Any CPU
		{B8A00936-0DA3-4E15-88FE-D124B5F0394A}.Release|Any CPU.Build.0 = Release|Any CPU
	EndGlobalSection
	GlobalSection(SolutionProperties) = preSolution
		HideSolutionNode = FALSE
	EndGlobalSection
	GlobalSection(ExtensibilityGlobals) = postSolution
		SolutionGuid = {CC3DBF3A-64CD-442E-9C65-0C396B1076A1}
	EndGlobalSection
EndGlobal
