
Microsoft Visual Studio Solution File, Format Version 12.00
# Visual Studio Version 16
VisualStudioVersion = 16.0.29503.13
MinimumVisualStudioVersion = 10.0.40219.1
Project("{FAE04EC0-301F-11D3-BF4B-00C04F79EFBC}") = "2016_3", "2016_3.csproj", "{F1E8827E-C774-4528-B66A-26EE58388E52}"
EndProject
Global
	GlobalSection(SolutionConfigurationPlatforms) = preSolution
		Debug|Any CPU = Debug|Any CPU
		Release|Any CPU = Release|Any CPU
	EndGlobalSection
	GlobalSection(ProjectConfigurationPlatforms) = postSolution
		{F1E8827E-C774-4528-B66A-26EE58388E52}.Debug|Any CPU.ActiveCfg = Debug|Any CPU
		{F1E8827E-C774-4528-B66A-26EE58388E52}.Debug|Any CPU.Build.0 = Debug|Any CPU
		{F1E8827E-C774-4528-B66A-26EE58388E52}.Release|Any CPU.ActiveCfg = Release|Any CPU
		{F1E8827E-C774-4528-B66A-26EE58388E52}.Release|Any CPU.Build.0 = Release|Any CPU
	EndGlobalSection
	GlobalSection(SolutionProperties) = preSolution
		HideSolutionNode = FALSE
	EndGlobalSection
	GlobalSection(ExtensibilityGlobals) = postSolution
		SolutionGuid = {F127F8C5-E30C-45CD-B88B-48FBAD502A7C}
	EndGlobalSection
EndGlobal
