
Microsoft Visual Studio Solution File, Format Version 12.00
# Visual Studio Version 16
VisualStudioVersion = 16.0.29503.13
MinimumVisualStudioVersion = 10.0.40219.1
Project("{FAE04EC0-301F-11D3-BF4B-00C04F79EFBC}") = "AdventOfCode2017", "AdventOfCode2017.csproj", "{5358B866-3BCC-4098-9AB4-0DCFC52DFC40}"
EndProject
Global
	GlobalSection(SolutionConfigurationPlatforms) = preSolution
		Debug|Any CPU = Debug|Any CPU
		Release|Any CPU = Release|Any CPU
	EndGlobalSection
	GlobalSection(ProjectConfigurationPlatforms) = postSolution
		{5358B866-3BCC-4098-9AB4-0DCFC52DFC40}.Debug|Any CPU.ActiveCfg = Debug|Any CPU
		{5358B866-3BCC-4098-9AB4-0DCFC52DFC40}.Debug|Any CPU.Build.0 = Debug|Any CPU
		{5358B866-3BCC-4098-9AB4-0DCFC52DFC40}.Release|Any CPU.ActiveCfg = Release|Any CPU
		{5358B866-3BCC-4098-9AB4-0DCFC52DFC40}.Release|Any CPU.Build.0 = Release|Any CPU
	EndGlobalSection
	GlobalSection(SolutionProperties) = preSolution
		HideSolutionNode = FALSE
	EndGlobalSection
	GlobalSection(ExtensibilityGlobals) = postSolution
		SolutionGuid = {C48FE9F5-F08E-4900-ADD2-808E8603C5B2}
	EndGlobalSection
EndGlobal
