
Microsoft Visual Studio Solution File, Format Version 12.00
# Visual Studio Version 16
VisualStudioVersion = 16.0.29503.13
MinimumVisualStudioVersion = 10.0.40219.1
Project("{FAE04EC0-301F-11D3-BF4B-00C04F79EFBC}") = "2019_4_attempt2", "2019_4_attempt2.csproj", "{A1E55C0E-E30C-4DFB-B4C3-EB2CCC85DC87}"
EndProject
Global
	GlobalSection(SolutionConfigurationPlatforms) = preSolution
		Debug|Any CPU = Debug|Any CPU
		Release|Any CPU = Release|Any CPU
	EndGlobalSection
	GlobalSection(ProjectConfigurationPlatforms) = postSolution
		{A1E55C0E-E30C-4DFB-B4C3-EB2CCC85DC87}.Debug|Any CPU.ActiveCfg = Debug|Any CPU
		{A1E55C0E-E30C-4DFB-B4C3-EB2CCC85DC87}.Debug|Any CPU.Build.0 = Debug|Any CPU
		{A1E55C0E-E30C-4DFB-B4C3-EB2CCC85DC87}.Release|Any CPU.ActiveCfg = Release|Any CPU
		{A1E55C0E-E30C-4DFB-B4C3-EB2CCC85DC87}.Release|Any CPU.Build.0 = Release|Any CPU
	EndGlobalSection
	GlobalSection(SolutionProperties) = preSolution
		HideSolutionNode = FALSE
	EndGlobalSection
	GlobalSection(ExtensibilityGlobals) = postSolution
		SolutionGuid = {879F5C59-2A5A-41FF-9EF6-7D22D415905C}
	EndGlobalSection
EndGlobal
